
Microsoft Visual Studio Solution File, Format Version 12.00
# Visual Studio 15
Project("{FAE04EC0-301F-11D3-BF4B-00C04F79EFBC}") = "CarrouselTest.Android", "CarrouselTest.Android\CarrouselTest.Android.csproj", "{77F9CBFB-E6F0-4CF7-809E-0C8A37FADD2C}"
EndProject
Project("{FAE04EC0-301F-11D3-BF4B-00C04F79EFBC}") = "CarrouselTest.iOS", "CarrouselTest.iOS\CarrouselTest.iOS.csproj", "{8B1E96C1-0371-46F3-B07A-40BB4E934DD7}"
EndProject
Project("{FAE04EC0-301F-11D3-BF4B-00C04F79EFBC}") = "CarrouselTest", "CarrouselTest\CarrouselTest.csproj", "{8C4B33B8-C83D-4F25-A902-C63DF009D316}"
EndProject
Global
	GlobalSection(SolutionConfigurationPlatforms) = preSolution
		Debug|Any CPU = Debug|Any CPU
		Release|Any CPU = Release|Any CPU
		Debug|iPhoneSimulator = Debug|iPhoneSimulator
		Release|iPhoneSimulator = Release|iPhoneSimulator
		Debug|iPhone = Debug|iPhone
		Release|iPhone = Release|iPhone
		Ad-Hoc|iPhone = Ad-Hoc|iPhone
		AppStore|iPhone = AppStore|iPhone
	EndGlobalSection
	GlobalSection(ProjectConfigurationPlatforms) = postSolution
		{77F9CBFB-E6F0-4CF7-809E-0C8A37FADD2C}.Debug|Any CPU.ActiveCfg = Debug|Any CPU
		{77F9CBFB-E6F0-4CF7-809E-0C8A37FADD2C}.Debug|Any CPU.Build.0 = Debug|Any CPU
		{77F9CBFB-E6F0-4CF7-809E-0C8A37FADD2C}.Release|Any CPU.ActiveCfg = Release|Any CPU
		{77F9CBFB-E6F0-4CF7-809E-0C8A37FADD2C}.Release|Any CPU.Build.0 = Release|Any CPU
		{77F9CBFB-E6F0-4CF7-809E-0C8A37FADD2C}.Debug|iPhoneSimulator.ActiveCfg = Debug|Any CPU
		{77F9CBFB-E6F0-4CF7-809E-0C8A37FADD2C}.Debug|iPhoneSimulator.Build.0 = Debug|Any CPU
		{77F9CBFB-E6F0-4CF7-809E-0C8A37FADD2C}.Release|iPhoneSimulator.ActiveCfg = Release|Any CPU
		{77F9CBFB-E6F0-4CF7-809E-0C8A37FADD2C}.Release|iPhoneSimulator.Build.0 = Release|Any CPU
		{77F9CBFB-E6F0-4CF7-809E-0C8A37FADD2C}.Debug|iPhone.ActiveCfg = Debug|Any CPU
		{77F9CBFB-E6F0-4CF7-809E-0C8A37FADD2C}.Debug|iPhone.Build.0 = Debug|Any CPU
		{77F9CBFB-E6F0-4CF7-809E-0C8A37FADD2C}.Release|iPhone.ActiveCfg = Release|Any CPU
		{77F9CBFB-E6F0-4CF7-809E-0C8A37FADD2C}.Release|iPhone.Build.0 = Release|Any CPU
		{77F9CBFB-E6F0-4CF7-809E-0C8A37FADD2C}.Ad-Hoc|iPhone.ActiveCfg = Debug|Any CPU
		{77F9CBFB-E6F0-4CF7-809E-0C8A37FADD2C}.Ad-Hoc|iPhone.Build.0 = Debug|Any CPU
		{77F9CBFB-E6F0-4CF7-809E-0C8A37FADD2C}.AppStore|iPhone.ActiveCfg = Debug|Any CPU
		{77F9CBFB-E6F0-4CF7-809E-0C8A37FADD2C}.AppStore|iPhone.Build.0 = Debug|Any CPU
		{8B1E96C1-0371-46F3-B07A-40BB4E934DD7}.Debug|Any CPU.ActiveCfg = Debug|iPhoneSimulator
		{8B1E96C1-0371-46F3-B07A-40BB4E934DD7}.Debug|Any CPU.Build.0 = Debug|iPhoneSimulator
		{8B1E96C1-0371-46F3-B07A-40BB4E934DD7}.Release|Any CPU.ActiveCfg = Release|iPhoneSimulator
		{8B1E96C1-0371-46F3-B07A-40BB4E934DD7}.Release|Any CPU.Build.0 = Release|iPhoneSimulator
		{8B1E96C1-0371-46F3-B07A-40BB4E934DD7}.Debug|iPhoneSimulator.ActiveCfg = Debug|iPhoneSimulator
		{8B1E96C1-0371-46F3-B07A-40BB4E934DD7}.Debug|iPhoneSimulator.Build.0 = Debug|iPhoneSimulator
		{8B1E96C1-0371-46F3-B07A-40BB4E934DD7}.Release|iPhoneSimulator.ActiveCfg = Release|iPhoneSimulator
		{8B1E96C1-0371-46F3-B07A-40BB4E934DD7}.Release|iPhoneSimulator.Build.0 = Release|iPhoneSimulator
		{8B1E96C1-0371-46F3-B07A-40BB4E934DD7}.Debug|iPhone.ActiveCfg = Debug|iPhone
		{8B1E96C1-0371-46F3-B07A-40BB4E934DD7}.Debug|iPhone.Build.0 = Debug|iPhone
		{8B1E96C1-0371-46F3-B07A-40BB4E934DD7}.Release|iPhone.ActiveCfg = Release|iPhone
		{8B1E96C1-0371-46F3-B07A-40BB4E934DD7}.Release|iPhone.Build.0 = Release|iPhone
		{8B1E96C1-0371-46F3-B07A-40BB4E934DD7}.Ad-Hoc|iPhone.ActiveCfg = Ad-Hoc|iPhone
		{8B1E96C1-0371-46F3-B07A-40BB4E934DD7}.Ad-Hoc|iPhone.Build.0 = Ad-Hoc|iPhone
		{8B1E96C1-0371-46F3-B07A-40BB4E934DD7}.AppStore|iPhone.ActiveCfg = AppStore|iPhone
		{8B1E96C1-0371-46F3-B07A-40BB4E934DD7}.AppStore|iPhone.Build.0 = AppStore|iPhone
		{8C4B33B8-C83D-4F25-A902-C63DF009D316}.Debug|Any CPU.ActiveCfg = Debug|Any CPU
		{8C4B33B8-C83D-4F25-A902-C63DF009D316}.Debug|Any CPU.Build.0 = Debug|Any CPU
		{8C4B33B8-C83D-4F25-A902-C63DF009D316}.Release|Any CPU.ActiveCfg = Release|Any CPU
		{8C4B33B8-C83D-4F25-A902-C63DF009D316}.Release|Any CPU.Build.0 = Release|Any CPU
		{8C4B33B8-C83D-4F25-A902-C63DF009D316}.Debug|iPhoneSimulator.ActiveCfg = Debug|Any CPU
		{8C4B33B8-C83D-4F25-A902-C63DF009D316}.Debug|iPhoneSimulator.Build.0 = Debug|Any CPU
		{8C4B33B8-C83D-4F25-A902-C63DF009D316}.Release|iPhoneSimulator.ActiveCfg = Release|Any CPU
		{8C4B33B8-C83D-4F25-A902-C63DF009D316}.Release|iPhoneSimulator.Build.0 = Release|Any CPU
		{8C4B33B8-C83D-4F25-A902-C63DF009D316}.Debug|iPhone.ActiveCfg = Debug|Any CPU
		{8C4B33B8-C83D-4F25-A902-C63DF009D316}.Debug|iPhone.Build.0 = Debug|Any CPU
		{8C4B33B8-C83D-4F25-A902-C63DF009D316}.Release|iPhone.ActiveCfg = Release|Any CPU
		{8C4B33B8-C83D-4F25-A902-C63DF009D316}.Release|iPhone.Build.0 = Release|Any CPU
		{8C4B33B8-C83D-4F25-A902-C63DF009D316}.Ad-Hoc|iPhone.ActiveCfg = Debug|Any CPU
		{8C4B33B8-C83D-4F25-A902-C63DF009D316}.Ad-Hoc|iPhone.Build.0 = Debug|Any CPU
		{8C4B33B8-C83D-4F25-A902-C63DF009D316}.AppStore|iPhone.ActiveCfg = Debug|Any CPU
		{8C4B33B8-C83D-4F25-A902-C63DF009D316}.AppStore|iPhone.Build.0 = Debug|Any CPU
	EndGlobalSection
EndGlobal
